// !$*UTF8*$!
{
	archiveVersion = 1;
	classes = {
	};
	objectVersion = 55;
	objects = {

/* Begin PBXBuildFile section */
		844EE95926D24D7A0020BD1D /* AppSearchController.swift in Sources */ = {isa = PBXBuildFile; fileRef = 844EE95826D24D7A0020BD1D /* AppSearchController.swift */; };
		8458AE1826D3A213007E42D4 /* SearchResultCell.swift in Sources */ = {isa = PBXBuildFile; fileRef = 8458AE1726D3A213007E42D4 /* SearchResultCell.swift */; };
		8458AE1B26D66255007E42D4 /* CreateSmallElementsExtensions.swift in Sources */ = {isa = PBXBuildFile; fileRef = 8458AE1A26D66255007E42D4 /* CreateSmallElementsExtensions.swift */; };
		8458AE1F26D68FEC007E42D4 /* CustomStackView.swift in Sources */ = {isa = PBXBuildFile; fileRef = 8458AE1E26D68FEC007E42D4 /* CustomStackView.swift */; };
		8458AE2226D6A86C007E42D4 /* SearchResultModel.swift in Sources */ = {isa = PBXBuildFile; fileRef = 8458AE2126D6A86C007E42D4 /* SearchResultModel.swift */; };
		845DAEB926E7A4A10041D0B4 /* Service.swift in Sources */ = {isa = PBXBuildFile; fileRef = 845DAEB826E7A4A10041D0B4 /* Service.swift */; };
		845DAEBD26E7B35F0041D0B4 /* SDWebImage in Frameworks */ = {isa = PBXBuildFile; productRef = 845DAEBC26E7B35F0041D0B4 /* SDWebImage */; };
		845DAEC026E8F7440041D0B4 /* AppsController.swift in Sources */ = {isa = PBXBuildFile; fileRef = 845DAEBF26E8F7440041D0B4 /* AppsController.swift */; };
		845DAEC226E8FB3D0041D0B4 /* BaseListController.swift in Sources */ = {isa = PBXBuildFile; fileRef = 845DAEC126E8FB3D0041D0B4 /* BaseListController.swift */; };
		845DAEC726E902640041D0B4 /* AppsGroupCell.swift in Sources */ = {isa = PBXBuildFile; fileRef = 845DAEC626E902640041D0B4 /* AppsGroupCell.swift */; };
		845DAECB26E916310041D0B4 /* AppsHorizontalController.swift in Sources */ = {isa = PBXBuildFile; fileRef = 845DAECA26E916310041D0B4 /* AppsHorizontalController.swift */; };
		845DAECD26E9230E0041D0B4 /* AppsRowCell.swift in Sources */ = {isa = PBXBuildFile; fileRef = 845DAECC26E9230E0041D0B4 /* AppsRowCell.swift */; };
		8472A06B26CFD0C700AC1FEE /* AppDelegate.swift in Sources */ = {isa = PBXBuildFile; fileRef = 8472A06A26CFD0C700AC1FEE /* AppDelegate.swift */; };
		8472A06D26CFD0C700AC1FEE /* SceneDelegate.swift in Sources */ = {isa = PBXBuildFile; fileRef = 8472A06C26CFD0C700AC1FEE /* SceneDelegate.swift */; };
		8472A07226CFD0C700AC1FEE /* Main.storyboard in Resources */ = {isa = PBXBuildFile; fileRef = 8472A07026CFD0C700AC1FEE /* Main.storyboard */; };
		8472A07426CFD0C800AC1FEE /* Assets.xcassets in Resources */ = {isa = PBXBuildFile; fileRef = 8472A07326CFD0C800AC1FEE /* Assets.xcassets */; };
		8472A07726CFD0C800AC1FEE /* LaunchScreen.storyboard in Resources */ = {isa = PBXBuildFile; fileRef = 8472A07526CFD0C800AC1FEE /* LaunchScreen.storyboard */; };
		8472A08026CFD91000AC1FEE /* BaseTabBarController.swift in Sources */ = {isa = PBXBuildFile; fileRef = 8472A07F26CFD91000AC1FEE /* BaseTabBarController.swift */; };
		84B23FE326D2841500B10080 /* Anchor.swift in Sources */ = {isa = PBXBuildFile; fileRef = 84B23FE226D2841500B10080 /* Anchor.swift */; };
/* End PBXBuildFile section */

/* Begin PBXFileReference section */
		844EE95826D24D7A0020BD1D /* AppSearchController.swift */ = {isa = PBXFileReference; lastKnownFileType = sourcecode.swift; path = AppSearchController.swift; sourceTree = "<group>"; };
		8458AE1726D3A213007E42D4 /* SearchResultCell.swift */ = {isa = PBXFileReference; lastKnownFileType = sourcecode.swift; path = SearchResultCell.swift; sourceTree = "<group>"; };
		8458AE1A26D66255007E42D4 /* CreateSmallElementsExtensions.swift */ = {isa = PBXFileReference; lastKnownFileType = sourcecode.swift; path = CreateSmallElementsExtensions.swift; sourceTree = "<group>"; };
		8458AE1E26D68FEC007E42D4 /* CustomStackView.swift */ = {isa = PBXFileReference; lastKnownFileType = sourcecode.swift; path = CustomStackView.swift; sourceTree = "<group>"; };
		8458AE2126D6A86C007E42D4 /* SearchResultModel.swift */ = {isa = PBXFileReference; lastKnownFileType = sourcecode.swift; path = SearchResultModel.swift; sourceTree = "<group>"; };
		845DAEB826E7A4A10041D0B4 /* Service.swift */ = {isa = PBXFileReference; lastKnownFileType = sourcecode.swift; path = Service.swift; sourceTree = "<group>"; };
		845DAEBF26E8F7440041D0B4 /* AppsController.swift */ = {isa = PBXFileReference; lastKnownFileType = sourcecode.swift; path = AppsController.swift; sourceTree = "<group>"; };
		845DAEC126E8FB3D0041D0B4 /* BaseListController.swift */ = {isa = PBXFileReference; lastKnownFileType = sourcecode.swift; path = BaseListController.swift; sourceTree = "<group>"; };
		845DAEC626E902640041D0B4 /* AppsGroupCell.swift */ = {isa = PBXFileReference; lastKnownFileType = sourcecode.swift; path = AppsGroupCell.swift; sourceTree = "<group>"; };
		845DAECA26E916310041D0B4 /* AppsHorizontalController.swift */ = {isa = PBXFileReference; lastKnownFileType = sourcecode.swift; path = AppsHorizontalController.swift; sourceTree = "<group>"; };
		845DAECC26E9230E0041D0B4 /* AppsRowCell.swift */ = {isa = PBXFileReference; lastKnownFileType = sourcecode.swift; path = AppsRowCell.swift; sourceTree = "<group>"; };
		8472A06726CFD0C700AC1FEE /* AppStore.app */ = {isa = PBXFileReference; explicitFileType = wrapper.application; includeInIndex = 0; path = AppStore.app; sourceTree = BUILT_PRODUCTS_DIR; };
		8472A06A26CFD0C700AC1FEE /* AppDelegate.swift */ = {isa = PBXFileReference; lastKnownFileType = sourcecode.swift; path = AppDelegate.swift; sourceTree = "<group>"; };
		8472A06C26CFD0C700AC1FEE /* SceneDelegate.swift */ = {isa = PBXFileReference; lastKnownFileType = sourcecode.swift; path = SceneDelegate.swift; sourceTree = "<group>"; };
		8472A07126CFD0C700AC1FEE /* Base */ = {isa = PBXFileReference; lastKnownFileType = file.storyboard; name = Base; path = Base.lproj/Main.storyboard; sourceTree = "<group>"; };
		8472A07326CFD0C800AC1FEE /* Assets.xcassets */ = {isa = PBXFileReference; lastKnownFileType = folder.assetcatalog; path = Assets.xcassets; sourceTree = "<group>"; };
		8472A07626CFD0C800AC1FEE /* Base */ = {isa = PBXFileReference; lastKnownFileType = file.storyboard; name = Base; path = Base.lproj/LaunchScreen.storyboard; sourceTree = "<group>"; };
		8472A07826CFD0C800AC1FEE /* Info.plist */ = {isa = PBXFileReference; lastKnownFileType = text.plist.xml; path = Info.plist; sourceTree = "<group>"; };
		8472A07F26CFD91000AC1FEE /* BaseTabBarController.swift */ = {isa = PBXFileReference; lastKnownFileType = sourcecode.swift; path = BaseTabBarController.swift; sourceTree = "<group>"; };
		84B23FE226D2841500B10080 /* Anchor.swift */ = {isa = PBXFileReference; lastKnownFileType = sourcecode.swift; path = Anchor.swift; sourceTree = "<group>"; };
/* End PBXFileReference section */

/* Begin PBXFrameworksBuildPhase section */
		8472A06426CFD0C700AC1FEE /* Frameworks */ = {
			isa = PBXFrameworksBuildPhase;
			buildActionMask = 2147483647;
			files = (
				845DAEBD26E7B35F0041D0B4 /* SDWebImage in Frameworks */,
			);
			runOnlyForDeploymentPostprocessing = 0;
		};
/* End PBXFrameworksBuildPhase section */

/* Begin PBXGroup section */
		844EE95726D24D480020BD1D /* AppSearch */ = {
			isa = PBXGroup;
			children = (
				8458AE1726D3A213007E42D4 /* SearchResultCell.swift */,
			);
			path = AppSearch;
			sourceTree = "<group>";
		};
		8458AE1926D51549007E42D4 /* Hell */ = {
			isa = PBXGroup;
			children = (
				8458AE1A26D66255007E42D4 /* CreateSmallElementsExtensions.swift */,
				84B23FE226D2841500B10080 /* Anchor.swift */,
				8458AE1E26D68FEC007E42D4 /* CustomStackView.swift */,
			);
			path = Hell;
			sourceTree = "<group>";
		};
		8458AE2026D6A857007E42D4 /* Model */ = {
			isa = PBXGroup;
			children = (
				8458AE2126D6A86C007E42D4 /* SearchResultModel.swift */,
			);
			path = Model;
			sourceTree = "<group>";
		};
		845DAEB726E7A4900041D0B4 /* Service */ = {
			isa = PBXGroup;
			children = (
				845DAEB826E7A4A10041D0B4 /* Service.swift */,
			);
			path = Service;
			sourceTree = "<group>";
		};
		845DAEBE26E8F72F0041D0B4 /* Apps */ = {
			isa = PBXGroup;
			children = (
				845DAEBF26E8F7440041D0B4 /* AppsController.swift */,
				845DAECA26E916310041D0B4 /* AppsHorizontalController.swift */,
			);
			path = Apps;
			sourceTree = "<group>";
		};
		845DAEC326E8FC6C0041D0B4 /* Controllers */ = {
			isa = PBXGroup;
			children = (
				845DAEC126E8FB3D0041D0B4 /* BaseListController.swift */,
				845DAEBE26E8F72F0041D0B4 /* Apps */,
				845DAEC426E8FC830041D0B4 /* AppSearch */,
				8472A08126CFE00700AC1FEE /* BaseTabBarController */,
			);
			path = Controllers;
			sourceTree = "<group>";
		};
		845DAEC426E8FC830041D0B4 /* AppSearch */ = {
			isa = PBXGroup;
			children = (
				844EE95826D24D7A0020BD1D /* AppSearchController.swift */,
			);
			path = AppSearch;
			sourceTree = "<group>";
		};
		845DAEC526E902580041D0B4 /* Apps */ = {
			isa = PBXGroup;
			children = (
				845DAEC626E902640041D0B4 /* AppsGroupCell.swift */,
				845DAECC26E9230E0041D0B4 /* AppsRowCell.swift */,
			);
			path = Apps;
			sourceTree = "<group>";
		};
		8472A05E26CFD0C700AC1FEE = {
			isa = PBXGroup;
			children = (
				8472A06926CFD0C700AC1FEE /* AppStore */,
				8472A06826CFD0C700AC1FEE /* Products */,
			);
			sourceTree = "<group>";
		};
		8472A06826CFD0C700AC1FEE /* Products */ = {
			isa = PBXGroup;
			children = (
				8472A06726CFD0C700AC1FEE /* AppStore.app */,
			);
			name = Products;
			sourceTree = "<group>";
		};
		8472A06926CFD0C700AC1FEE /* AppStore */ = {
			isa = PBXGroup;
			children = (
				8458AE2026D6A857007E42D4 /* Model */,
				8472A07E26CFD8EB00AC1FEE /* View */,
				845DAEC326E8FC6C0041D0B4 /* Controllers */,
				845DAEB726E7A4900041D0B4 /* Service */,
				8458AE1926D51549007E42D4 /* Hell */,
				8472A06C26CFD0C700AC1FEE /* SceneDelegate.swift */,
				8472A06A26CFD0C700AC1FEE /* AppDelegate.swift */,
				8472A07026CFD0C700AC1FEE /* Main.storyboard */,
				8472A07326CFD0C800AC1FEE /* Assets.xcassets */,
				8472A07526CFD0C800AC1FEE /* LaunchScreen.storyboard */,
				8472A07826CFD0C800AC1FEE /* Info.plist */,
			);
			path = AppStore;
			sourceTree = "<group>";
		};
		8472A07E26CFD8EB00AC1FEE /* View */ = {
			isa = PBXGroup;
			children = (
				845DAEC526E902580041D0B4 /* Apps */,
				844EE95726D24D480020BD1D /* AppSearch */,
			);
			path = View;
			sourceTree = "<group>";
		};
		8472A08126CFE00700AC1FEE /* BaseTabBarController */ = {
			isa = PBXGroup;
			children = (
				8472A07F26CFD91000AC1FEE /* BaseTabBarController.swift */,
			);
			path = BaseTabBarController;
			sourceTree = "<group>";
		};
/* End PBXGroup section */

/* Begin PBXNativeTarget section */
		8472A06626CFD0C700AC1FEE /* AppStore */ = {
			isa = PBXNativeTarget;
			buildConfigurationList = 8472A07B26CFD0C800AC1FEE /* Build configuration list for PBXNativeTarget "AppStore" */;
			buildPhases = (
				8472A06326CFD0C700AC1FEE /* Sources */,
				8472A06426CFD0C700AC1FEE /* Frameworks */,
				8472A06526CFD0C700AC1FEE /* Resources */,
			);
			buildRules = (
			);
			dependencies = (
			);
			name = AppStore;
			packageProductDependencies = (
				845DAEBC26E7B35F0041D0B4 /* SDWebImage */,
			);
			productName = AppStore;
			productReference = 8472A06726CFD0C700AC1FEE /* AppStore.app */;
			productType = "com.apple.product-type.application";
		};
/* End PBXNativeTarget section */

/* Begin PBXProject section */
		8472A05F26CFD0C700AC1FEE /* Project object */ = {
			isa = PBXProject;
			attributes = {
				BuildIndependentTargetsInParallel = 1;
				LastSwiftUpdateCheck = 1300;
				LastUpgradeCheck = 1300;
				TargetAttributes = {
					8472A06626CFD0C700AC1FEE = {
						CreatedOnToolsVersion = 13.0;
					};
				};
			};
			buildConfigurationList = 8472A06226CFD0C700AC1FEE /* Build configuration list for PBXProject "AppStore" */;
			compatibilityVersion = "Xcode 13.0";
			developmentRegion = en;
			hasScannedForEncodings = 0;
			knownRegions = (
				en,
				Base,
			);
			mainGroup = 8472A05E26CFD0C700AC1FEE;
			packageReferences = (
				845DAEBB26E7B35F0041D0B4 /* XCRemoteSwiftPackageReference "SDWebImage" */,
			);
			productRefGroup = 8472A06826CFD0C700AC1FEE /* Products */;
			projectDirPath = "";
			projectRoot = "";
			targets = (
				8472A06626CFD0C700AC1FEE /* AppStore */,
			);
		};
/* End PBXProject section */

/* Begin PBXResourcesBuildPhase section */
		8472A06526CFD0C700AC1FEE /* Resources */ = {
			isa = PBXResourcesBuildPhase;
			buildActionMask = 2147483647;
			files = (
				8472A07726CFD0C800AC1FEE /* LaunchScreen.storyboard in Resources */,
				8472A07426CFD0C800AC1FEE /* Assets.xcassets in Resources */,
				8472A07226CFD0C700AC1FEE /* Main.storyboard in Resources */,
			);
			runOnlyForDeploymentPostprocessing = 0;
		};
/* End PBXResourcesBuildPhase section */

/* Begin PBXSourcesBuildPhase section */
		8472A06326CFD0C700AC1FEE /* Sources */ = {
			isa = PBXSourcesBuildPhase;
			buildActionMask = 2147483647;
			files = (
				845DAEC726E902640041D0B4 /* AppsGroupCell.swift in Sources */,
				84B23FE326D2841500B10080 /* Anchor.swift in Sources */,
				845DAECD26E9230E0041D0B4 /* AppsRowCell.swift in Sources */,
				845DAEC026E8F7440041D0B4 /* AppsController.swift in Sources */,
				844EE95926D24D7A0020BD1D /* AppSearchController.swift in Sources */,
				8458AE2226D6A86C007E42D4 /* SearchResultModel.swift in Sources */,
				8472A08026CFD91000AC1FEE /* BaseTabBarController.swift in Sources */,
				8472A06B26CFD0C700AC1FEE /* AppDelegate.swift in Sources */,
				8458AE1B26D66255007E42D4 /* CreateSmallElementsExtensions.swift in Sources */,
				8458AE1F26D68FEC007E42D4 /* CustomStackView.swift in Sources */,
				845DAEB926E7A4A10041D0B4 /* Service.swift in Sources */,
				8458AE1826D3A213007E42D4 /* SearchResultCell.swift in Sources */,
				845DAEC226E8FB3D0041D0B4 /* BaseListController.swift in Sources */,
				8472A06D26CFD0C700AC1FEE /* SceneDelegate.swift in Sources */,
				845DAECB26E916310041D0B4 /* AppsHorizontalController.swift in Sources */,
			);
			runOnlyForDeploymentPostprocessing = 0;
		};
/* End PBXSourcesBuildPhase section */

/* Begin PBXVariantGroup section */
		8472A07026CFD0C700AC1FEE /* Main.storyboard */ = {
			isa = PBXVariantGroup;
			children = (
				8472A07126CFD0C700AC1FEE /* Base */,
			);
			name = Main.storyboard;
			sourceTree = "<group>";
		};
		8472A07526CFD0C800AC1FEE /* LaunchScreen.storyboard */ = {
			isa = PBXVariantGroup;
			children = (
				8472A07626CFD0C800AC1FEE /* Base */,
			);
			name = LaunchScreen.storyboard;
			sourceTree = "<group>";
		};
/* End PBXVariantGroup section */

/* Begin XCBuildConfiguration section */
		8472A07926CFD0C800AC1FEE /* Debug */ = {
			isa = XCBuildConfiguration;
			buildSettings = {
				ALWAYS_SEARCH_USER_PATHS = NO;
				CLANG_ANALYZER_NONNULL = YES;
				CLANG_ANALYZER_NUMBER_OBJECT_CONVERSION = YES_AGGRESSIVE;
				CLANG_CXX_LANGUAGE_STANDARD = "gnu++14";
				CLANG_CXX_LIBRARY = "libc++";
				CLANG_ENABLE_MODULES = YES;
				CLANG_ENABLE_OBJC_ARC = YES;
				CLANG_ENABLE_OBJC_WEAK = YES;
				CLANG_WARN_BLOCK_CAPTURE_AUTORELEASING = YES;
				CLANG_WARN_BOOL_CONVERSION = YES;
				CLANG_WARN_COMMA = YES;
				CLANG_WARN_CONSTANT_CONVERSION = YES;
				CLANG_WARN_DEPRECATED_OBJC_IMPLEMENTATIONS = YES;
				CLANG_WARN_DIRECT_OBJC_ISA_USAGE = YES_ERROR;
				CLANG_WARN_DOCUMENTATION_COMMENTS = YES;
				CLANG_WARN_EMPTY_BODY = YES;
				CLANG_WARN_ENUM_CONVERSION = YES;
				CLANG_WARN_INFINITE_RECURSION = YES;
				CLANG_WARN_INT_CONVERSION = YES;
				CLANG_WARN_NON_LITERAL_NULL_CONVERSION = YES;
				CLANG_WARN_OBJC_IMPLICIT_RETAIN_SELF = YES;
				CLANG_WARN_OBJC_LITERAL_CONVERSION = YES;
				CLANG_WARN_OBJC_ROOT_CLASS = YES_ERROR;
				CLANG_WARN_QUOTED_INCLUDE_IN_FRAMEWORK_HEADER = YES;
				CLANG_WARN_RANGE_LOOP_ANALYSIS = YES;
				CLANG_WARN_STRICT_PROTOTYPES = YES;
				CLANG_WARN_SUSPICIOUS_MOVE = YES;
				CLANG_WARN_UNGUARDED_AVAILABILITY = YES_AGGRESSIVE;
				CLANG_WARN_UNREACHABLE_CODE = YES;
				CLANG_WARN__DUPLICATE_METHOD_MATCH = YES;
				COPY_PHASE_STRIP = NO;
				DEBUG_INFORMATION_FORMAT = dwarf;
				ENABLE_STRICT_OBJC_MSGSEND = YES;
				ENABLE_TESTABILITY = YES;
				GCC_C_LANGUAGE_STANDARD = gnu11;
				GCC_DYNAMIC_NO_PIC = NO;
				GCC_NO_COMMON_BLOCKS = YES;
				GCC_OPTIMIZATION_LEVEL = 0;
				GCC_PREPROCESSOR_DEFINITIONS = (
					"DEBUG=1",
					"$(inherited)",
				);
				GCC_WARN_64_TO_32_BIT_CONVERSION = YES;
				GCC_WARN_ABOUT_RETURN_TYPE = YES_ERROR;
				GCC_WARN_UNDECLARED_SELECTOR = YES;
				GCC_WARN_UNINITIALIZED_AUTOS = YES_AGGRESSIVE;
				GCC_WARN_UNUSED_FUNCTION = YES;
				GCC_WARN_UNUSED_VARIABLE = YES;
				IPHONEOS_DEPLOYMENT_TARGET = 15.0;
				MTL_ENABLE_DEBUG_INFO = INCLUDE_SOURCE;
				MTL_FAST_MATH = YES;
				ONLY_ACTIVE_ARCH = YES;
				SDKROOT = iphoneos;
				SWIFT_ACTIVE_COMPILATION_CONDITIONS = DEBUG;
				SWIFT_OPTIMIZATION_LEVEL = "-Onone";
			};
			name = Debug;
		};
		8472A07A26CFD0C800AC1FEE /* Release */ = {
			isa = XCBuildConfiguration;
			buildSettings = {
				ALWAYS_SEARCH_USER_PATHS = NO;
				CLANG_ANALYZER_NONNULL = YES;
				CLANG_ANALYZER_NUMBER_OBJECT_CONVERSION = YES_AGGRESSIVE;
				CLANG_CXX_LANGUAGE_STANDARD = "gnu++14";
				CLANG_CXX_LIBRARY = "libc++";
				CLANG_ENABLE_MODULES = YES;
				CLANG_ENABLE_OBJC_ARC = YES;
				CLANG_ENABLE_OBJC_WEAK = YES;
				CLANG_WARN_BLOCK_CAPTURE_AUTORELEASING = YES;
				CLANG_WARN_BOOL_CONVERSION = YES;
				CLANG_WARN_COMMA = YES;
				CLANG_WARN_CONSTANT_CONVERSION = YES;
				CLANG_WARN_DEPRECATED_OBJC_IMPLEMENTATIONS = YES;
				CLANG_WARN_DIRECT_OBJC_ISA_USAGE = YES_ERROR;
				CLANG_WARN_DOCUMENTATION_COMMENTS = YES;
				CLANG_WARN_EMPTY_BODY = YES;
				CLANG_WARN_ENUM_CONVERSION = YES;
				CLANG_WARN_INFINITE_RECURSION = YES;
				CLANG_WARN_INT_CONVERSION = YES;
				CLANG_WARN_NON_LITERAL_NULL_CONVERSION = YES;
				CLANG_WARN_OBJC_IMPLICIT_RETAIN_SELF = YES;
				CLANG_WARN_OBJC_LITERAL_CONVERSION = YES;
				CLANG_WARN_OBJC_ROOT_CLASS = YES_ERROR;
				CLANG_WARN_QUOTED_INCLUDE_IN_FRAMEWORK_HEADER = YES;
				CLANG_WARN_RANGE_LOOP_ANALYSIS = YES;
				CLANG_WARN_STRICT_PROTOTYPES = YES;
				CLANG_WARN_SUSPICIOUS_MOVE = YES;
				CLANG_WARN_UNGUARDED_AVAILABILITY = YES_AGGRESSIVE;
				CLANG_WARN_UNREACHABLE_CODE = YES;
				CLANG_WARN__DUPLICATE_METHOD_MATCH = YES;
				COPY_PHASE_STRIP = NO;
				DEBUG_INFORMATION_FORMAT = "dwarf-with-dsym";
				ENABLE_NS_ASSERTIONS = NO;
				ENABLE_STRICT_OBJC_MSGSEND = YES;
				GCC_C_LANGUAGE_STANDARD = gnu11;
				GCC_NO_COMMON_BLOCKS = YES;
				GCC_WARN_64_TO_32_BIT_CONVERSION = YES;
				GCC_WARN_ABOUT_RETURN_TYPE = YES_ERROR;
				GCC_WARN_UNDECLARED_SELECTOR = YES;
				GCC_WARN_UNINITIALIZED_AUTOS = YES_AGGRESSIVE;
				GCC_WARN_UNUSED_FUNCTION = YES;
				GCC_WARN_UNUSED_VARIABLE = YES;
				IPHONEOS_DEPLOYMENT_TARGET = 15.0;
				MTL_ENABLE_DEBUG_INFO = NO;
				MTL_FAST_MATH = YES;
				SDKROOT = iphoneos;
				SWIFT_COMPILATION_MODE = wholemodule;
				SWIFT_OPTIMIZATION_LEVEL = "-O";
				VALIDATE_PRODUCT = YES;
			};
			name = Release;
		};
		8472A07C26CFD0C800AC1FEE /* Debug */ = {
			isa = XCBuildConfiguration;
			buildSettings = {
				ASSETCATALOG_COMPILER_APPICON_NAME = AppIcon;
				ASSETCATALOG_COMPILER_GLOBAL_ACCENT_COLOR_NAME = AccentColor;
				CODE_SIGN_STYLE = Automatic;
				CURRENT_PROJECT_VERSION = 1;
				DEVELOPMENT_TEAM = 3X888D7C5M;
				GENERATE_INFOPLIST_FILE = YES;
				INFOPLIST_FILE = AppStore/Info.plist;
				INFOPLIST_KEY_UIApplicationSupportsIndirectInputEvents = YES;
				INFOPLIST_KEY_UILaunchStoryboardName = LaunchScreen;
				INFOPLIST_KEY_UIMainStoryboardFile = Main;
				INFOPLIST_KEY_UISupportedInterfaceOrientations_iPad = "UIInterfaceOrientationPortrait UIInterfaceOrientationPortraitUpsideDown UIInterfaceOrientationLandscapeLeft UIInterfaceOrientationLandscapeRight";
				INFOPLIST_KEY_UISupportedInterfaceOrientations_iPhone = "UIInterfaceOrientationPortrait UIInterfaceOrientationLandscapeLeft UIInterfaceOrientationLandscapeRight";
				LD_RUNPATH_SEARCH_PATHS = (
					"$(inherited)",
					"@executable_path/Frameworks",
				);
				MARKETING_VERSION = 1.0;
				PRODUCT_BUNDLE_IDENTIFIER = pontius.AppStore;
				PRODUCT_NAME = "$(TARGET_NAME)";
				SWIFT_EMIT_LOC_STRINGS = YES;
				SWIFT_VERSION = 5.0;
				TARGETED_DEVICE_FAMILY = "1,2";
			};
			name = Debug;
		};
		8472A07D26CFD0C800AC1FEE /* Release */ = {
			isa = XCBuildConfiguration;
			buildSettings = {
				ASSETCATALOG_COMPILER_APPICON_NAME = AppIcon;
				ASSETCATALOG_COMPILER_GLOBAL_ACCENT_COLOR_NAME = AccentColor;
				CODE_SIGN_STYLE = Automatic;
				CURRENT_PROJECT_VERSION = 1;
				DEVELOPMENT_TEAM = 3X888D7C5M;
				GENERATE_INFOPLIST_FILE = YES;
				INFOPLIST_FILE = AppStore/Info.plist;
				INFOPLIST_KEY_UIApplicationSupportsIndirectInputEvents = YES;
				INFOPLIST_KEY_UILaunchStoryboardName = LaunchScreen;
				INFOPLIST_KEY_UIMainStoryboardFile = Main;
				INFOPLIST_KEY_UISupportedInterfaceOrientations_iPad = "UIInterfaceOrientationPortrait UIInterfaceOrientationPortraitUpsideDown UIInterfaceOrientationLandscapeLeft UIInterfaceOrientationLandscapeRight";
				INFOPLIST_KEY_UISupportedInterfaceOrientations_iPhone = "UIInterfaceOrientationPortrait UIInterfaceOrientationLandscapeLeft UIInterfaceOrientationLandscapeRight";
				LD_RUNPATH_SEARCH_PATHS = (
					"$(inherited)",
					"@executable_path/Frameworks",
				);
				MARKETING_VERSION = 1.0;
				PRODUCT_BUNDLE_IDENTIFIER = pontius.AppStore;
				PRODUCT_NAME = "$(TARGET_NAME)";
				SWIFT_EMIT_LOC_STRINGS = YES;
				SWIFT_VERSION = 5.0;
				TARGETED_DEVICE_FAMILY = "1,2";
			};
			name = Release;
		};
/* End XCBuildConfiguration section */

/* Begin XCConfigurationList section */
		8472A06226CFD0C700AC1FEE /* Build configuration list for PBXProject "AppStore" */ = {
			isa = XCConfigurationList;
			buildConfigurations = (
				8472A07926CFD0C800AC1FEE /* Debug */,
				8472A07A26CFD0C800AC1FEE /* Release */,
			);
			defaultConfigurationIsVisible = 0;
			defaultConfigurationName = Release;
		};
		8472A07B26CFD0C800AC1FEE /* Build configuration list for PBXNativeTarget "AppStore" */ = {
			isa = XCConfigurationList;
			buildConfigurations = (
				8472A07C26CFD0C800AC1FEE /* Debug */,
				8472A07D26CFD0C800AC1FEE /* Release */,
			);
			defaultConfigurationIsVisible = 0;
			defaultConfigurationName = Release;
		};
/* End XCConfigurationList section */

/* Begin XCRemoteSwiftPackageReference section */
		845DAEBB26E7B35F0041D0B4 /* XCRemoteSwiftPackageReference "SDWebImage" */ = {
			isa = XCRemoteSwiftPackageReference;
			repositoryURL = "https://github.com/SDWebImage/SDWebImage";
			requirement = {
				kind = upToNextMajorVersion;
				minimumVersion = 5.0.0;
			};
		};
/* End XCRemoteSwiftPackageReference section */

/* Begin XCSwiftPackageProductDependency section */
		845DAEBC26E7B35F0041D0B4 /* SDWebImage */ = {
			isa = XCSwiftPackageProductDependency;
			package = 845DAEBB26E7B35F0041D0B4 /* XCRemoteSwiftPackageReference "SDWebImage" */;
			productName = SDWebImage;
		};
/* End XCSwiftPackageProductDependency section */
	};
	rootObject = 8472A05F26CFD0C700AC1FEE /* Project object */;
}
